cloud.google.com/go v0.118.2 h1:bKXO7RXMFDkniAAvvuMrAPtQ/VHrs9e7J5UT3yrGdTY=
cloud.google.com/go v0.118.2/go.mod h1:CFO4UPEPi8oV21xoezZCrd3d81K4fFkDTEJu4R8K+9M=
github.com/google/go-cmp v0.6.0 h1:ofyhxvXcZhMsU5ulbFiLKl/XBFqE1GSq7atu8tAmTRI=
github.com/google/go-cmp v0.6.0/go.mod h1:17dUlkBOakJ0+DkrSSNjCkIjxS6bF9zb3elmeNGIjoY=
github.com/google/uuid v1.6.0 h1:NIvaJDMOsjHA8n1jAhLSgzrAzy1Hgr+hNrb57e+94F0=
github.com/google/uuid v1.6.0/go.mod h1:TIyPZe4MgqvfeYDBFedMoGGpEw/LqOeaOT+nhxU+yHo=
github.com/guregu/null/v5 v5.0.0 h1:PRxjqyOekS11W+w/7Vfz6jgJE/BCwELWtgvOJzddimw=
github.com/guregu/null/v5 v5.0.0/go.mod h1:SjupzNy+sCPtwQTKWhUCqjhVCO69hpsl2QsZrWHjlwU=
